
Microsoft Visual Studio Solution File, Format Version 12.00
# Visual Studio Version 17
VisualStudioVersion = 17.11.35222.181
MinimumVisualStudioVersion = 10.0.40219.1
Project("{FAE04EC0-301F-11D3-BF4B-00C04F79EFBC}") = "Projeto01", "Projeto01.csproj", "{8523AC60-6A5B-459A-B3F2-3A24204A133B}"
EndProject
Global
	GlobalSection(SolutionConfigurationPlatforms) = preSolution
		Debug|Any CPU = Debug|Any CPU
		Release|Any CPU = Release|Any CPU
	EndGlobalSection
	GlobalSection(ProjectConfigurationPlatforms) = postSolution
		{8523AC60-6A5B-459A-B3F2-3A24204A133B}.Debug|Any CPU.ActiveCfg = Debug|Any CPU
		{8523AC60-6A5B-459A-B3F2-3A24204A133B}.Debug|Any CPU.Build.0 = Debug|Any CPU
		{8523AC60-6A5B-459A-B3F2-3A24204A133B}.Release|Any CPU.ActiveCfg = Release|Any CPU
		{8523AC60-6A5B-459A-B3F2-3A24204A133B}.Release|Any CPU.Build.0 = Release|Any CPU
	EndGlobalSection
	GlobalSection(SolutionProperties) = preSolution
		HideSolutionNode = FALSE
	EndGlobalSection
	GlobalSection(ExtensibilityGlobals) = postSolution
		SolutionGuid = {4EFA2BD5-1775-4E8E-8904-91C3940EC94A}
	EndGlobalSection
EndGlobal
